// !$*UTF8*$!
{
	archiveVersion = 1;
	classes = {
	};
	objectVersion = 50;
	objects = {

/* Begin PBXBuildFile section */
		AEADD2CC23DDDCCB0010A5D8 /* AppDelegate.swift in Sources */ = {isa = PBXBuildFile; fileRef = AEADD2CB23DDDCCB0010A5D8 /* AppDelegate.swift */; };
		AEADD2CE23DDDCCB0010A5D8 /* SceneDelegate.swift in Sources */ = {isa = PBXBuildFile; fileRef = AEADD2CD23DDDCCB0010A5D8 /* SceneDelegate.swift */; };
		AEADD2D023DDDCCB0010A5D8 /* ViewController.swift in Sources */ = {isa = PBXBuildFile; fileRef = AEADD2CF23DDDCCB0010A5D8 /* ViewController.swift */; };
		AEADD2D323DDDCCB0010A5D8 /* Main.storyboard in Resources */ = {isa = PBXBuildFile; fileRef = AEADD2D123DDDCCB0010A5D8 /* Main.storyboard */; };
		AEADD2D523DDDCCF0010A5D8 /* Assets.xcassets in Resources */ = {isa = PBXBuildFile; fileRef = AEADD2D423DDDCCF0010A5D8 /* Assets.xcassets */; };
		AEADD2D823DDDCCF0010A5D8 /* LaunchScreen.storyboard in Resources */ = {isa = PBXBuildFile; fileRef = AEADD2D623DDDCCF0010A5D8 /* LaunchScreen.storyboard */; };
/* End PBXBuildFile section */

/* Begin PBXFileReference section */
		AEADD2C823DDDCCB0010A5D8 /* learn-local-notification.app */ = {isa = PBXFileReference; explicitFileType = wrapper.application; includeInIndex = 0; path = "learn-local-notification.app"; sourceTree = BUILT_PRODUCTS_DIR; };
		AEADD2CB23DDDCCB0010A5D8 /* AppDelegate.swift */ = {isa = PBXFileReference; lastKnownFileType = sourcecode.swift; path = AppDelegate.swift; sourceTree = "<group>"; };
		AEADD2CD23DDDCCB0010A5D8 /* SceneDelegate.swift */ = {isa = PBXFileReference; lastKnownFileType = sourcecode.swift; path = SceneDelegate.swift; sourceTree = "<group>"; };
		AEADD2CF23DDDCCB0010A5D8 /* ViewController.swift */ = {isa = PBXFileReference; lastKnownFileType = sourcecode.swift; path = ViewController.swift; sourceTree = "<group>"; };
		AEADD2D223DDDCCB0010A5D8 /* Base */ = {isa = PBXFileReference; lastKnownFileType = file.storyboard; name = Base; path = Base.lproj/Main.storyboard; sourceTree = "<group>"; };
		AEADD2D423DDDCCF0010A5D8 /* Assets.xcassets */ = {isa = PBXFileReference; lastKnownFileType = folder.assetcatalog; path = Assets.xcassets; sourceTree = "<group>"; };
		AEADD2D723DDDCCF0010A5D8 /* Base */ = {isa = PBXFileReference; lastKnownFileType = file.storyboard; name = Base; path = Base.lproj/LaunchScreen.storyboard; sourceTree = "<group>"; };
		AEADD2D923DDDCCF0010A5D8 /* Info.plist */ = {isa = PBXFileReference; lastKnownFileType = text.plist.xml; path = Info.plist; sourceTree = "<group>"; };
/* End PBXFileReference section */

/* Begin PBXFrameworksBuildPhase section */
		AEADD2C523DDDCCB0010A5D8 /* Frameworks */ = {
			isa = PBXFrameworksBuildPhase;
			buildActionMask = 2147483647;
			files = (
			);
			runOnlyForDeploymentPostprocessing = 0;
		};
/* End PBXFrameworksBuildPhase section */

/* Begin PBXGroup section */
		AEADD2BF23DDDCCB0010A5D8 = {
			isa = PBXGroup;
			children = (
				AEADD2CA23DDDCCB0010A5D8 /* learn-local-notification */,
				AEADD2C923DDDCCB0010A5D8 /* Products */,
			);
			sourceTree = "<group>";
		};
		AEADD2C923DDDCCB0010A5D8 /* Products */ = {
			isa = PBXGroup;
			children = (
				AEADD2C823DDDCCB0010A5D8 /* learn-local-notification.app */,
			);
			name = Products;
			sourceTree = "<group>";
		};
		AEADD2CA23DDDCCB0010A5D8 /* learn-local-notification */ = {
			isa = PBXGroup;
			children = (
				AEADD2CB23DDDCCB0010A5D8 /* AppDelegate.swift */,
				AEADD2CD23DDDCCB0010A5D8 /* SceneDelegate.swift */,
				AEADD2CF23DDDCCB0010A5D8 /* ViewController.swift */,
				AEADD2D123DDDCCB0010A5D8 /* Main.storyboard */,
				AEADD2D423DDDCCF0010A5D8 /* Assets.xcassets */,
				AEADD2D623DDDCCF0010A5D8 /* LaunchScreen.storyboard */,
				AEADD2D923DDDCCF0010A5D8 /* Info.plist */,
			);
			path = "learn-local-notification";
			sourceTree = "<group>";
		};
/* End PBXGroup section */

/* Begin PBXNativeTarget section */
		AEADD2C723DDDCCB0010A5D8 /* learn-local-notification */ = {
			isa = PBXNativeTarget;
			buildConfigurationList = AEADD2DC23DDDCCF0010A5D8 /* Build configuration list for PBXNativeTarget "learn-local-notification" */;
			buildPhases = (
				AEADD2C423DDDCCB0010A5D8 /* Sources */,
				AEADD2C523DDDCCB0010A5D8 /* Frameworks */,
				AEADD2C623DDDCCB0010A5D8 /* Resources */,
			);
			buildRules = (
			);
			dependencies = (
			);
			name = "learn-local-notification";
			productName = "learn-local-notification";
			productReference = AEADD2C823DDDCCB0010A5D8 /* learn-local-notification.app */;
			productType = "com.apple.product-type.application";
		};
/* End PBXNativeTarget section */

/* Begin PBXProject section */
		AEADD2C023DDDCCB0010A5D8 /* Project object */ = {
			isa = PBXProject;
			attributes = {
				LastSwiftUpdateCheck = 1120;
				LastUpgradeCheck = 1120;
				ORGANIZATIONNAME = "Panupong Kukutapan";
				TargetAttributes = {
					AEADD2C723DDDCCB0010A5D8 = {
						CreatedOnToolsVersion = 11.2.1;
					};
				};
			};
			buildConfigurationList = AEADD2C323DDDCCB0010A5D8 /* Build configuration list for PBXProject "learn-local-notification" */;
			compatibilityVersion = "Xcode 9.3";
			developmentRegion = en;
			hasScannedForEncodings = 0;
			knownRegions = (
				en,
				Base,
			);
			mainGroup = AEADD2BF23DDDCCB0010A5D8;
			productRefGroup = AEADD2C923DDDCCB0010A5D8 /* Products */;
			projectDirPath = "";
			projectRoot = "";
			targets = (
				AEADD2C723DDDCCB0010A5D8 /* learn-local-notification */,
			);
		};
/* End PBXProject section */

/* Begin PBXResourcesBuildPhase section */
		AEADD2C623DDDCCB0010A5D8 /* Resources */ = {
			isa = PBXResourcesBuildPhase;
			buildActionMask = 2147483647;
			files = (
				AEADD2D823DDDCCF0010A5D8 /* LaunchScreen.storyboard in Resources */,
				AEADD2D523DDDCCF0010A5D8 /* Assets.xcassets in Resources */,
				AEADD2D323DDDCCB0010A5D8 /* Main.storyboard in Resources */,
			);
			runOnlyForDeploymentPostprocessing = 0;
		};
/* End PBXResourcesBuildPhase section */

/* Begin PBXSourcesBuildPhase section */
		AEADD2C423DDDCCB0010A5D8 /* Sources */ = {
			isa = PBXSourcesBuildPhase;
			buildActionMask = 2147483647;
			files = (
				AEADD2D023DDDCCB0010A5D8 /* ViewController.swift in Sources */,
				AEADD2CC23DDDCCB0010A5D8 /* AppDelegate.swift in Sources */,
				AEADD2CE23DDDCCB0010A5D8 /* SceneDelegate.swift in Sources */,
			);
			runOnlyForDeploymentPostprocessing = 0;
		};
/* End PBXSourcesBuildPhase section */

/* Begin PBXVariantGroup section */
		AEADD2D123DDDCCB0010A5D8 /* Main.storyboard */ = {
			isa = PBXVariantGroup;
			children = (
				AEADD2D223DDDCCB0010A5D8 /* Base */,
			);
			name = Main.storyboard;
			sourceTree = "<group>";
		};
		AEADD2D623DDDCCF0010A5D8 /* LaunchScreen.storyboard */ = {
			isa = PBXVariantGroup;
			children = (
				AEADD2D723DDDCCF0010A5D8 /* Base */,
			);
			name = LaunchScreen.storyboard;
			sourceTree = "<group>";
		};
/* End PBXVariantGroup section */

/* Begin XCBuildConfiguration section */
		AEADD2DA23DDDCCF0010A5D8 /* Debug */ = {
			isa = XCBuildConfiguration;
			buildSettings = {
				ALWAYS_SEARCH_USER_PATHS = NO;
				CLANG_ANALYZER_NONNULL = YES;
				CLANG_ANALYZER_NUMBER_OBJECT_CONVERSION = YES_AGGRESSIVE;
				CLANG_CXX_LANGUAGE_STANDARD = "gnu++14";
				CLANG_CXX_LIBRARY = "libc++";
				CLANG_ENABLE_MODULES = YES;
				CLANG_ENABLE_OBJC_ARC = YES;
				CLANG_ENABLE_OBJC_WEAK = YES;
				CLANG_WARN_BLOCK_CAPTURE_AUTORELEASING = YES;
				CLANG_WARN_BOOL_CONVERSION = YES;
				CLANG_WARN_COMMA = YES;
				CLANG_WARN_CONSTANT_CONVERSION = YES;
				CLANG_WARN_DEPRECATED_OBJC_IMPLEMENTATIONS = YES;
				CLANG_WARN_DIRECT_OBJC_ISA_USAGE = YES_ERROR;
				CLANG_WARN_DOCUMENTATION_COMMENTS = YES;
				CLANG_WARN_EMPTY_BODY = YES;
				CLANG_WARN_ENUM_CONVERSION = YES;
				CLANG_WARN_INFINITE_RECURSION = YES;
				CLANG_WARN_INT_CONVERSION = YES;
				CLANG_WARN_NON_LITERAL_NULL_CONVERSION = YES;
				CLANG_WARN_OBJC_IMPLICIT_RETAIN_SELF = YES;
				CLANG_WARN_OBJC_LITERAL_CONVERSION = YES;
				CLANG_WARN_OBJC_ROOT_CLASS = YES_ERROR;
				CLANG_WARN_RANGE_LOOP_ANALYSIS = YES;
				CLANG_WARN_STRICT_PROTOTYPES = YES;
				CLANG_WARN_SUSPICIOUS_MOVE = YES;
				CLANG_WARN_UNGUARDED_AVAILABILITY = YES_AGGRESSIVE;
				CLANG_WARN_UNREACHABLE_CODE = YES;
				CLANG_WARN__DUPLICATE_METHOD_MATCH = YES;
				COPY_PHASE_STRIP = NO;
				DEBUG_INFORMATION_FORMAT = dwarf;
				ENABLE_STRICT_OBJC_MSGSEND = YES;
				ENABLE_TESTABILITY = YES;
				GCC_C_LANGUAGE_STANDARD = gnu11;
				GCC_DYNAMIC_NO_PIC = NO;
				GCC_NO_COMMON_BLOCKS = YES;
				GCC_OPTIMIZATION_LEVEL = 0;
				GCC_PREPROCESSOR_DEFINITIONS = (
					"DEBUG=1",
					"$(inherited)",
				);
				GCC_WARN_64_TO_32_BIT_CONVERSION = YES;
				GCC_WARN_ABOUT_RETURN_TYPE = YES_ERROR;
				GCC_WARN_UNDECLARED_SELECTOR = YES;
				GCC_WARN_UNINITIALIZED_AUTOS = YES_AGGRESSIVE;
				GCC_WARN_UNUSED_FUNCTION = YES;
				GCC_WARN_UNUSED_VARIABLE = YES;
				IPHONEOS_DEPLOYMENT_TARGET = 13.2;
				MTL_ENABLE_DEBUG_INFO = INCLUDE_SOURCE;
				MTL_FAST_MATH = YES;
				ONLY_ACTIVE_ARCH = YES;
				SDKROOT = iphoneos;
				SWIFT_ACTIVE_COMPILATION_CONDITIONS = DEBUG;
				SWIFT_OPTIMIZATION_LEVEL = "-Onone";
			};
			name = Debug;
		};
		AEADD2DB23DDDCCF0010A5D8 /* Release */ = {
			isa = XCBuildConfiguration;
			buildSettings = {
				ALWAYS_SEARCH_USER_PATHS = NO;
				CLANG_ANALYZER_NONNULL = YES;
				CLANG_ANALYZER_NUMBER_OBJECT_CONVERSION = YES_AGGRESSIVE;
				CLANG_CXX_LANGUAGE_STANDARD = "gnu++14";
				CLANG_CXX_LIBRARY = "libc++";
				CLANG_ENABLE_MODULES = YES;
				CLANG_ENABLE_OBJC_ARC = YES;
				CLANG_ENABLE_OBJC_WEAK = YES;
				CLANG_WARN_BLOCK_CAPTURE_AUTORELEASING = YES;
				CLANG_WARN_BOOL_CONVERSION = YES;
				CLANG_WARN_COMMA = YES;
				CLANG_WARN_CONSTANT_CONVERSION = YES;
				CLANG_WARN_DEPRECATED_OBJC_IMPLEMENTATIONS = YES;
				CLANG_WARN_DIRECT_OBJC_ISA_USAGE = YES_ERROR;
				CLANG_WARN_DOCUMENTATION_COMMENTS = YES;
				CLANG_WARN_EMPTY_BODY = YES;
				CLANG_WARN_ENUM_CONVERSION = YES;
				CLANG_WARN_INFINITE_RECURSION = YES;
				CLANG_WARN_INT_CONVERSION = YES;
				CLANG_WARN_NON_LITERAL_NULL_CONVERSION = YES;
				CLANG_WARN_OBJC_IMPLICIT_RETAIN_SELF = YES;
				CLANG_WARN_OBJC_LITERAL_CONVERSION = YES;
				CLANG_WARN_OBJC_ROOT_CLASS = YES_ERROR;
				CLANG_WARN_RANGE_LOOP_ANALYSIS = YES;
				CLANG_WARN_STRICT_PROTOTYPES = YES;
				CLANG_WARN_SUSPICIOUS_MOVE = YES;
				CLANG_WARN_UNGUARDED_AVAILABILITY = YES_AGGRESSIVE;
				CLANG_WARN_UNREACHABLE_CODE = YES;
				CLANG_WARN__DUPLICATE_METHOD_MATCH = YES;
				COPY_PHASE_STRIP = NO;
				DEBUG_INFORMATION_FORMAT = "dwarf-with-dsym";
				ENABLE_NS_ASSERTIONS = NO;
				ENABLE_STRICT_OBJC_MSGSEND = YES;
				GCC_C_LANGUAGE_STANDARD = gnu11;
				GCC_NO_COMMON_BLOCKS = YES;
				GCC_WARN_64_TO_32_BIT_CONVERSION = YES;
				GCC_WARN_ABOUT_RETURN_TYPE = YES_ERROR;
				GCC_WARN_UNDECLARED_SELECTOR = YES;
				GCC_WARN_UNINITIALIZED_AUTOS = YES_AGGRESSIVE;
				GCC_WARN_UNUSED_FUNCTION = YES;
				GCC_WARN_UNUSED_VARIABLE = YES;
				IPHONEOS_DEPLOYMENT_TARGET = 13.2;
				MTL_ENABLE_DEBUG_INFO = NO;
				MTL_FAST_MATH = YES;
				SDKROOT = iphoneos;
				SWIFT_COMPILATION_MODE = wholemodule;
				SWIFT_OPTIMIZATION_LEVEL = "-O";
				VALIDATE_PRODUCT = YES;
			};
			name = Release;
		};
		AEADD2DD23DDDCCF0010A5D8 /* Debug */ = {
			isa = XCBuildConfiguration;
			buildSettings = {
				ASSETCATALOG_COMPILER_APPICON_NAME = AppIcon;
				CODE_SIGN_STYLE = Automatic;
				DEVELOPMENT_TEAM = E2CA3WLEVM;
				INFOPLIST_FILE = "learn-local-notification/Info.plist";
				LD_RUNPATH_SEARCH_PATHS = (
					"$(inherited)",
					"@executable_path/Frameworks",
				);
				PRODUCT_BUNDLE_IDENTIFIER = "com.paku.learn-local-notification";
				PRODUCT_NAME = "$(TARGET_NAME)";
				SWIFT_VERSION = 5.0;
				TARGETED_DEVICE_FAMILY = "1,2";
			};
			name = Debug;
		};
		AEADD2DE23DDDCCF0010A5D8 /* Release */ = {
			isa = XCBuildConfiguration;
			buildSettings = {
				ASSETCATALOG_COMPILER_APPICON_NAME = AppIcon;
				CODE_SIGN_STYLE = Automatic;
				DEVELOPMENT_TEAM = E2CA3WLEVM;
				INFOPLIST_FILE = "learn-local-notification/Info.plist";
				LD_RUNPATH_SEARCH_PATHS = (
					"$(inherited)",
					"@executable_path/Frameworks",
				);
				PRODUCT_BUNDLE_IDENTIFIER = "com.paku.learn-local-notification";
				PRODUCT_NAME = "$(TARGET_NAME)";
				SWIFT_VERSION = 5.0;
				TARGETED_DEVICE_FAMILY = "1,2";
			};
			name = Release;
		};
/* End XCBuildConfiguration section */

/* Begin XCConfigurationList section */
		AEADD2C323DDDCCB0010A5D8 /* Build configuration list for PBXProject "learn-local-notification" */ = {
			isa = XCConfigurationList;
			buildConfigurations = (
				AEADD2DA23DDDCCF0010A5D8 /* Debug */,
				AEADD2DB23DDDCCF0010A5D8 /* Release */,
			);
			defaultConfigurationIsVisible = 0;
			defaultConfigurationName = Release;
		};
		AEADD2DC23DDDCCF0010A5D8 /* Build configuration list for PBXNativeTarget "learn-local-notification" */ = {
			isa = XCConfigurationList;
			buildConfigurations = (
				AEADD2DD23DDDCCF0010A5D8 /* Debug */,
				AEADD2DE23DDDCCF0010A5D8 /* Release */,
			);
			defaultConfigurationIsVisible = 0;
			defaultConfigurationName = Release;
		};
/* End XCConfigurationList section */
	};
	rootObject = AEADD2C023DDDCCB0010A5D8 /* Project object */;
}
